
Microsoft Visual Studio Solution File, Format Version 12.00
# Visual Studio 14
VisualStudioVersion = 14.0.25123.0
MinimumVisualStudioVersion = 10.0.40219.1
Project("{FAE04EC0-301F-11D3-BF4B-00C04F79EFBC}") = "ReassignProject", "ReassignProject\ReassignProject.csproj", "{A1C0E1D6-EF68-477F-AB39-3344BC85EC0C}"
EndProject
Global
	GlobalSection(SolutionConfigurationPlatforms) = preSolution
		Debug|Any CPU = Debug|Any CPU
		Release|Any CPU = Release|Any CPU
	EndGlobalSection
	GlobalSection(ProjectConfigurationPlatforms) = postSolution
		{A1C0E1D6-EF68-477F-AB39-3344BC85EC0C}.Debug|Any CPU.ActiveCfg = Debug|Any CPU
		{A1C0E1D6-EF68-477F-AB39-3344BC85EC0C}.Debug|Any CPU.Build.0 = Debug|Any CPU
		{A1C0E1D6-EF68-477F-AB39-3344BC85EC0C}.Release|Any CPU.ActiveCfg = Release|Any CPU
		{A1C0E1D6-EF68-477F-AB39-3344BC85EC0C}.Release|Any CPU.Build.0 = Release|Any CPU
	EndGlobalSection
	GlobalSection(SolutionProperties) = preSolution
		HideSolutionNode = FALSE
	EndGlobalSection
EndGlobal
